Microsoft Visual Studio Solution File, Format Version 12.00
# Visual Studio Version 17
VisualStudioVersion = 17.0.31903.59
MinimumVisualStudioVersion = 10.0.40219.1
Project("{9A19103F-16F7-4668-BE54-9A1E7A4F7556}") = "EasyNaive.App", "src\EasyNaive.App\EasyNaive.App.csproj", "{89914C7B-399C-4064-9F90-5C4B18A76A17}"
EndProject
Project("{9A19103F-16F7-4668-BE54-9A1E7A4F7556}") = "EasyNaive.Core", "src\EasyNaive.Core\EasyNaive.Core.csproj", "{4E6BBE6E-13A6-49ED-A928-E6550E5684A0}"
EndProject
Project("{9A19103F-16F7-4668-BE54-9A1E7A4F7556}") = "EasyNaive.SingBox", "src\EasyNaive.SingBox\EasyNaive.SingBox.csproj", "{B4571E08-4CBD-4667-8B0D-0F51309F2F0D}"
EndProject
Project("{9A19103F-16F7-4668-BE54-9A1E7A4F7556}") = "EasyNaive.Elevation", "src\EasyNaive.Elevation\EasyNaive.Elevation.csproj", "{584600AB-4F88-4E73-B28B-9696501C9564}"
EndProject
Project("{9A19103F-16F7-4668-BE54-9A1E7A4F7556}") = "EasyNaive.Platform.Windows", "src\EasyNaive.Platform.Windows\EasyNaive.Platform.Windows.csproj", "{830F7EAF-FFF9-441A-A843-77760E706B3B}"
EndProject
Project("{9A19103F-16F7-4668-BE54-9A1E7A4F7556}") = "EasyNaive.SingBox.Tests", "tests\EasyNaive.SingBox.Tests\EasyNaive.SingBox.Tests.csproj", "{E0550D61-FF45-467D-A361-50CC705F2266}"
EndProject
Project("{9A19103F-16F7-4668-BE54-9A1E7A4F7556}") = "EasyNaive.App.Tests", "tests\EasyNaive.App.Tests\EasyNaive.App.Tests.csproj", "{0DAE0C4A-C8BB-4249-8C5E-CEC285F52DEE}"
EndProject
Project("{9A19103F-16F7-4668-BE54-9A1E7A4F7556}") = "EasyNaive.Service", "src\EasyNaive.Service\EasyNaive.Service.csproj", "{A930A91A-C969-4422-90B5-691F60CFCACF}"
EndProject
Global
	GlobalSection(SolutionConfigurationPlatforms) = preSolution
		Debug|Any CPU = Debug|Any CPU
		Release|Any CPU = Release|Any CPU
	EndGlobalSection
	GlobalSection(ProjectConfigurationPlatforms) = postSolution
		{89914C7B-399C-4064-9F90-5C4B18A76A17}.Debug|Any CPU.ActiveCfg = Debug|Any CPU
		{89914C7B-399C-4064-9F90-5C4B18A76A17}.Debug|Any CPU.Build.0 = Debug|Any CPU
		{89914C7B-399C-4064-9F90-5C4B18A76A17}.Release|Any CPU.ActiveCfg = Release|Any CPU
		{89914C7B-399C-4064-9F90-5C4B18A76A17}.Release|Any CPU.Build.0 = Release|Any CPU
		{4E6BBE6E-13A6-49ED-A928-E6550E5684A0}.Debug|Any CPU.ActiveCfg = Debug|Any CPU
		{4E6BBE6E-13A6-49ED-A928-E6550E5684A0}.Debug|Any CPU.Build.0 = Debug|Any CPU
		{4E6BBE6E-13A6-49ED-A928-E6550E5684A0}.Release|Any CPU.ActiveCfg = Release|Any CPU
		{4E6BBE6E-13A6-49ED-A928-E6550E5684A0}.Release|Any CPU.Build.0 = Release|Any CPU
		{B4571E08-4CBD-4667-8B0D-0F51309F2F0D}.Debug|Any CPU.ActiveCfg = Debug|Any CPU
		{B4571E08-4CBD-4667-8B0D-0F51309F2F0D}.Debug|Any CPU.Build.0 = Debug|Any CPU
		{B4571E08-4CBD-4667-8B0D-0F51309F2F0D}.Release|Any CPU.ActiveCfg = Release|Any CPU
		{B4571E08-4CBD-4667-8B0D-0F51309F2F0D}.Release|Any CPU.Build.0 = Release|Any CPU
		{584600AB-4F88-4E73-B28B-9696501C9564}.Debug|Any CPU.ActiveCfg = Debug|Any CPU
		{584600AB-4F88-4E73-B28B-9696501C9564}.Debug|Any CPU.Build.0 = Debug|Any CPU
		{584600AB-4F88-4E73-B28B-9696501C9564}.Release|Any CPU.ActiveCfg = Release|Any CPU
		{584600AB-4F88-4E73-B28B-9696501C9564}.Release|Any CPU.Build.0 = Release|Any CPU
		{830F7EAF-FFF9-441A-A843-77760E706B3B}.Debug|Any CPU.ActiveCfg = Debug|Any CPU
		{830F7EAF-FFF9-441A-A843-77760E706B3B}.Debug|Any CPU.Build.0 = Debug|Any CPU
		{830F7EAF-FFF9-441A-A843-77760E706B3B}.Release|Any CPU.ActiveCfg = Release|Any CPU
		{830F7EAF-FFF9-441A-A843-77760E706B3B}.Release|Any CPU.Build.0 = Release|Any CPU
		{E0550D61-FF45-467D-A361-50CC705F2266}.Debug|Any CPU.ActiveCfg = Debug|Any CPU
		{E0550D61-FF45-467D-A361-50CC705F2266}.Debug|Any CPU.Build.0 = Debug|Any CPU
		{E0550D61-FF45-467D-A361-50CC705F2266}.Release|Any CPU.ActiveCfg = Release|Any CPU
		{E0550D61-FF45-467D-A361-50CC705F2266}.Release|Any CPU.Build.0 = Release|Any CPU
		{0DAE0C4A-C8BB-4249-8C5E-CEC285F52DEE}.Debug|Any CPU.ActiveCfg = Debug|Any CPU
		{0DAE0C4A-C8BB-4249-8C5E-CEC285F52DEE}.Debug|Any CPU.Build.0 = Debug|Any CPU
		{0DAE0C4A-C8BB-4249-8C5E-CEC285F52DEE}.Release|Any CPU.ActiveCfg = Release|Any CPU
		{0DAE0C4A-C8BB-4249-8C5E-CEC285F52DEE}.Release|Any CPU.Build.0 = Release|Any CPU
		{A930A91A-C969-4422-90B5-691F60CFCACF}.Debug|Any CPU.ActiveCfg = Debug|Any CPU
		{A930A91A-C969-4422-90B5-691F60CFCACF}.Debug|Any CPU.Build.0 = Debug|Any CPU
		{A930A91A-C969-4422-90B5-691F60CFCACF}.Release|Any CPU.ActiveCfg = Release|Any CPU
		{A930A91A-C969-4422-90B5-691F60CFCACF}.Release|Any CPU.Build.0 = Release|Any CPU
	EndGlobalSection
	GlobalSection(SolutionProperties) = preSolution
		HideSolutionNode = FALSE
	EndGlobalSection
EndGlobal
